
Microsoft Visual Studio Solution File, Format Version 12.00
# Visual Studio Version 17
VisualStudioVersion = 17.6.33723.286
MinimumVisualStudioVersion = 10.0.40219.1
Project("{FAE04EC0-301F-11D3-BF4B-00C04F79EFBC}") = "SteamDataViewer", "SteamDataViewer\SteamDataViewer.csproj", "{4CB9A812-34EA-489E-A90E-9BBEF4D7A3FB}"
EndProject
Global
	GlobalSection(SolutionConfigurationPlatforms) = preSolution
		Debug|Any CPU = Debug|Any CPU
		Release|Any CPU = Release|Any CPU
	EndGlobalSection
	GlobalSection(ProjectConfigurationPlatforms) = postSolution
		{4CB9A812-34EA-489E-A90E-9BBEF4D7A3FB}.Debug|Any CPU.ActiveCfg = Debug|Any CPU
		{4CB9A812-34EA-489E-A90E-9BBEF4D7A3FB}.Debug|Any CPU.Build.0 = Debug|Any CPU
		{4CB9A812-34EA-489E-A90E-9BBEF4D7A3FB}.Release|Any CPU.ActiveCfg = Release|Any CPU
		{4CB9A812-34EA-489E-A90E-9BBEF4D7A3FB}.Release|Any CPU.Build.0 = Release|Any CPU
	EndGlobalSection
	GlobalSection(SolutionProperties) = preSolution
		HideSolutionNode = FALSE
	EndGlobalSection
	GlobalSection(ExtensibilityGlobals) = postSolution
		SolutionGuid = {6030ADDB-5951-4FC9-BD23-EE5307A2CDBF}
	EndGlobalSection
EndGlobal
